{
  "name": "replay-ultima",
  "version": "1.0.0",
  "lockfileVersion": 1,
  "requires": true,
  "dependencies": {
    "macaddress": {
      "version": "0.2.8",
      "resolved": "https://registry.npmjs.org/macaddress/-/macaddress-0.2.8.tgz",
      "integrity": "sha1-WQTcU3w57G2+/q6QIycTX6hRHxI="
    },
    "uniqid": {
      "version": "4.1.1",
      "resolved": "https://registry.npmjs.org/uniqid/-/uniqid-4.1.1.tgz",
      "integrity": "sha1-iSIN32t1GuUrX3JISGNShZa7hME=",
      "requires": {
        "macaddress": "0.2.8"
      }
    },
    "vue-drag-drop": {
      "version": "0.2.2",
      "resolved": "https://registry.npmjs.org/vue-drag-drop/-/vue-drag-drop-0.2.2.tgz",
      "integrity": "sha512-z4Y2UAJ9JjZcvfB8tr/LeXcsAYsmDv4Q96rwL56yd0urvXMwrIH0KvYWkHz7gX8ainig+PLTsH96y+GEfj6HqQ==",
      "requires": {
        "uniqid": "4.1.1"
      }
    }
  }
}
